
Microsoft Visual Studio Solution File, Format Version 12.00
# Visual Studio Version 16
VisualStudioVersion = 16.0.30330.147
MinimumVisualStudioVersion = 10.0.40219.1
Project("{FAE04EC0-301F-11D3-BF4B-00C04F79EFBC}") = "CoreSignalR_Server", "CoreSignalR_Server\CoreSignalR_Server.csproj", "{43E831EC-75C3-4BE7-8CC4-8A772F8D2225}"
EndProject
Global
	GlobalSection(SolutionConfigurationPlatforms) = preSolution
		Debug|Any CPU = Debug|Any CPU
		Release|Any CPU = Release|Any CPU
	EndGlobalSection
	GlobalSection(ProjectConfigurationPlatforms) = postSolution
		{43E831EC-75C3-4BE7-8CC4-8A772F8D2225}.Debug|Any CPU.ActiveCfg = Debug|Any CPU
		{43E831EC-75C3-4BE7-8CC4-8A772F8D2225}.Debug|Any CPU.Build.0 = Debug|Any CPU
		{43E831EC-75C3-4BE7-8CC4-8A772F8D2225}.Release|Any CPU.ActiveCfg = Release|Any CPU
		{43E831EC-75C3-4BE7-8CC4-8A772F8D2225}.Release|Any CPU.Build.0 = Release|Any CPU
	EndGlobalSection
	GlobalSection(SolutionProperties) = preSolution
		HideSolutionNode = FALSE
	EndGlobalSection
	GlobalSection(ExtensibilityGlobals) = postSolution
		SolutionGuid = {2389F49F-859D-4FD0-993A-E89C7E407E65}
	EndGlobalSection
EndGlobal
